Microsoft Visual Studio Solution File, Format Version 12.00
# Visual Studio 2012
Project("{FAE04EC0-301F-11D3-BF4B-00C04F79EFBC}") = "BestPlatformer", "BestPlatformer.csproj", "{714AEA98-2742-4F6B-94B6-B12D6B57039F}"
EndProject
Global
	GlobalSection(SolutionConfigurationPlatforms) = preSolution
	Debug|Any CPU = Debug|Any CPU
	ExportDebug|Any CPU = ExportDebug|Any CPU
	ExportRelease|Any CPU = ExportRelease|Any CPU
	EndGlobalSection
	GlobalSection(ProjectConfigurationPlatforms) = postSolution
		{714AEA98-2742-4F6B-94B6-B12D6B57039F}.Debug|Any CPU.ActiveCfg = Debug|Any CPU
		{714AEA98-2742-4F6B-94B6-B12D6B57039F}.Debug|Any CPU.Build.0 = Debug|Any CPU
		{714AEA98-2742-4F6B-94B6-B12D6B57039F}.ExportDebug|Any CPU.ActiveCfg = ExportDebug|Any CPU
		{714AEA98-2742-4F6B-94B6-B12D6B57039F}.ExportDebug|Any CPU.Build.0 = ExportDebug|Any CPU
		{714AEA98-2742-4F6B-94B6-B12D6B57039F}.ExportRelease|Any CPU.ActiveCfg = ExportRelease|Any CPU
		{714AEA98-2742-4F6B-94B6-B12D6B57039F}.ExportRelease|Any CPU.Build.0 = ExportRelease|Any CPU
	EndGlobalSection
EndGlobal
